// !$*UTF8*$!
{
	archiveVersion = 1;
	classes = {
	};
	objectVersion = 55;
	objects = {

/* Begin PBXBuildFile section */
		4400A05827AB054D0084C099 /* QuestionTableViewCell.swift in Sources */ = {isa = PBXBuildFile; fileRef = 4400A05727AB054D0084C099 /* QuestionTableViewCell.swift */; };
		443EB45627A449DF006ADDFD /* AppDelegate.swift in Sources */ = {isa = PBXBuildFile; fileRef = 443EB45527A449DF006ADDFD /* AppDelegate.swift */; };
		443EB45827A449DF006ADDFD /* SceneDelegate.swift in Sources */ = {isa = PBXBuildFile; fileRef = 443EB45727A449DF006ADDFD /* SceneDelegate.swift */; };
		443EB45A27A449DF006ADDFD /* ViewController.swift in Sources */ = {isa = PBXBuildFile; fileRef = 443EB45927A449DF006ADDFD /* ViewController.swift */; };
		443EB45D27A449DF006ADDFD /* Main.storyboard in Resources */ = {isa = PBXBuildFile; fileRef = 443EB45B27A449DF006ADDFD /* Main.storyboard */; };
		443EB46027A449DF006ADDFD /* StackOverflowApplication.xcdatamodeld in Sources */ = {isa = PBXBuildFile; fileRef = 443EB45E27A449DF006ADDFD /* StackOverflowApplication.xcdatamodeld */; };
		443EB46227A449F7006ADDFD /* Assets.xcassets in Resources */ = {isa = PBXBuildFile; fileRef = 443EB46127A449F7006ADDFD /* Assets.xcassets */; };
		443EB46527A449F7006ADDFD /* LaunchScreen.storyboard in Resources */ = {isa = PBXBuildFile; fileRef = 443EB46327A449F7006ADDFD /* LaunchScreen.storyboard */; };
		443EB46E27A44A4D006ADDFD /* NetworkManager.swift in Sources */ = {isa = PBXBuildFile; fileRef = 443EB46D27A44A4D006ADDFD /* NetworkManager.swift */; };
		443EB47927A44EB9006ADDFD /* Items.swift in Sources */ = {isa = PBXBuildFile; fileRef = 443EB47627A44EB9006ADDFD /* Items.swift */; };
		443EB47A27A44EB9006ADDFD /* Owner.swift in Sources */ = {isa = PBXBuildFile; fileRef = 443EB47727A44EB9006ADDFD /* Owner.swift */; };
		443EB47B27A44EB9006ADDFD /* StackOverFlow.swift in Sources */ = {isa = PBXBuildFile; fileRef = 443EB47827A44EB9006ADDFD /* StackOverFlow.swift */; };
/* End PBXBuildFile section */

/* Begin PBXFileReference section */
		4400A05727AB054D0084C099 /* QuestionTableViewCell.swift */ = {isa = PBXFileReference; lastKnownFileType = sourcecode.swift; path = QuestionTableViewCell.swift; sourceTree = "<group>"; };
		443EB45227A449DF006ADDFD /* StackOverflowApplication.app */ = {isa = PBXFileReference; explicitFileType = wrapper.application; includeInIndex = 0; path = StackOverflowApplication.app; sourceTree = BUILT_PRODUCTS_DIR; };
		443EB45527A449DF006ADDFD /* AppDelegate.swift */ = {isa = PBXFileReference; lastKnownFileType = sourcecode.swift; path = AppDelegate.swift; sourceTree = "<group>"; };
		443EB45727A449DF006ADDFD /* SceneDelegate.swift */ = {isa = PBXFileReference; lastKnownFileType = sourcecode.swift; path = SceneDelegate.swift; sourceTree = "<group>"; };
		443EB45927A449DF006ADDFD /* ViewController.swift */ = {isa = PBXFileReference; lastKnownFileType = sourcecode.swift; path = ViewController.swift; sourceTree = "<group>"; };
		443EB45C27A449DF006ADDFD /* Base */ = {isa = PBXFileReference; lastKnownFileType = file.storyboard; name = Base; path = Base.lproj/Main.storyboard; sourceTree = "<group>"; };
		443EB45F27A449DF006ADDFD /* StackOverflowApplication.xcdatamodel */ = {isa = PBXFileReference; lastKnownFileType = wrapper.xcdatamodel; path = StackOverflowApplication.xcdatamodel; sourceTree = "<group>"; };
		443EB46127A449F7006ADDFD /* Assets.xcassets */ = {isa = PBXFileReference; lastKnownFileType = folder.assetcatalog; path = Assets.xcassets; sourceTree = "<group>"; };
		443EB46427A449F7006ADDFD /* Base */ = {isa = PBXFileReference; lastKnownFileType = file.storyboard; name = Base; path = Base.lproj/LaunchScreen.storyboard; sourceTree = "<group>"; };
		443EB46627A449F7006ADDFD /* Info.plist */ = {isa = PBXFileReference; lastKnownFileType = text.plist.xml; path = Info.plist; sourceTree = "<group>"; };
		443EB46D27A44A4D006ADDFD /* NetworkManager.swift */ = {isa = PBXFileReference; lastKnownFileType = sourcecode.swift; path = NetworkManager.swift; sourceTree = "<group>"; };
		443EB47627A44EB9006ADDFD /* Items.swift */ = {isa = PBXFileReference; fileEncoding = 4; lastKnownFileType = sourcecode.swift; name = Items.swift; path = StackOverFlow/Items.swift; sourceTree = "<group>"; };
		443EB47727A44EB9006ADDFD /* Owner.swift */ = {isa = PBXFileReference; fileEncoding = 4; lastKnownFileType = sourcecode.swift; name = Owner.swift; path = StackOverFlow/Owner.swift; sourceTree = "<group>"; };
		443EB47827A44EB9006ADDFD /* StackOverFlow.swift */ = {isa = PBXFileReference; fileEncoding = 4; lastKnownFileType = sourcecode.swift; name = StackOverFlow.swift; path = StackOverFlow/StackOverFlow.swift; sourceTree = "<group>"; };
/* End PBXFileReference section */

/* Begin PBXFrameworksBuildPhase section */
		443EB44F27A449DF006ADDFD /* Frameworks */ = {
			isa = PBXFrameworksBuildPhase;
			buildActionMask = 2147483647;
			files = (
			);
			runOnlyForDeploymentPostprocessing = 0;
		};
/* End PBXFrameworksBuildPhase section */

/* Begin PBXGroup section */
		4400A05527AB050F0084C099 /* View */ = {
			isa = PBXGroup;
			children = (
				4400A05727AB054D0084C099 /* QuestionTableViewCell.swift */,
			);
			path = View;
			sourceTree = "<group>";
		};
		4400A05627AB05190084C099 /* ViewControler */ = {
			isa = PBXGroup;
			children = (
				443EB45927A449DF006ADDFD /* ViewController.swift */,
			);
			path = ViewControler;
			sourceTree = "<group>";
		};
		443EB44927A449DE006ADDFD = {
			isa = PBXGroup;
			children = (
				443EB45427A449DF006ADDFD /* StackOverflowApplication */,
				443EB45327A449DF006ADDFD /* Products */,
			);
			sourceTree = "<group>";
		};
		443EB45327A449DF006ADDFD /* Products */ = {
			isa = PBXGroup;
			children = (
				443EB45227A449DF006ADDFD /* StackOverflowApplication.app */,
			);
			name = Products;
			sourceTree = "<group>";
		};
		443EB45427A449DF006ADDFD /* StackOverflowApplication */ = {
			isa = PBXGroup;
			children = (
				4400A05627AB05190084C099 /* ViewControler */,
				4400A05527AB050F0084C099 /* View */,
				443EB46C27A44A32006ADDFD /* NetworkManager */,
				443EB45527A449DF006ADDFD /* AppDelegate.swift */,
				443EB45727A449DF006ADDFD /* SceneDelegate.swift */,
				443EB45B27A449DF006ADDFD /* Main.storyboard */,
				443EB46127A449F7006ADDFD /* Assets.xcassets */,
				443EB46327A449F7006ADDFD /* LaunchScreen.storyboard */,
				443EB46627A449F7006ADDFD /* Info.plist */,
				443EB45E27A449DF006ADDFD /* StackOverflowApplication.xcdatamodeld */,
			);
			path = StackOverflowApplication;
			sourceTree = "<group>";
		};
		443EB46C27A44A32006ADDFD /* NetworkManager */ = {
			isa = PBXGroup;
			children = (
				443EB46F27A44B4B006ADDFD /* Api */,
				443EB46D27A44A4D006ADDFD /* NetworkManager.swift */,
			);
			path = NetworkManager;
			sourceTree = "<group>";
		};
		443EB46F27A44B4B006ADDFD /* Api */ = {
			isa = PBXGroup;
			children = (
				443EB47627A44EB9006ADDFD /* Items.swift */,
				443EB47727A44EB9006ADDFD /* Owner.swift */,
				443EB47827A44EB9006ADDFD /* StackOverFlow.swift */,
			);
			path = Api;
			sourceTree = "<group>";
		};
/* End PBXGroup section */

/* Begin PBXNativeTarget section */
		443EB45127A449DF006ADDFD /* StackOverflowApplication */ = {
			isa = PBXNativeTarget;
			buildConfigurationList = 443EB46927A449F7006ADDFD /* Build configuration list for PBXNativeTarget "StackOverflowApplication" */;
			buildPhases = (
				443EB44E27A449DF006ADDFD /* Sources */,
				443EB44F27A449DF006ADDFD /* Frameworks */,
				443EB45027A449DF006ADDFD /* Resources */,
			);
			buildRules = (
			);
			dependencies = (
			);
			name = StackOverflowApplication;
			productName = StackOverflowApplication;
			productReference = 443EB45227A449DF006ADDFD /* StackOverflowApplication.app */;
			productType = "com.apple.product-type.application";
		};
/* End PBXNativeTarget section */

/* Begin PBXProject section */
		443EB44A27A449DF006ADDFD /* Project object */ = {
			isa = PBXProject;
			attributes = {
				BuildIndependentTargetsInParallel = 1;
				LastSwiftUpdateCheck = 1320;
				LastUpgradeCheck = 1320;
				TargetAttributes = {
					443EB45127A449DF006ADDFD = {
						CreatedOnToolsVersion = 13.2.1;
					};
				};
			};
			buildConfigurationList = 443EB44D27A449DF006ADDFD /* Build configuration list for PBXProject "StackOverflowApplication" */;
			compatibilityVersion = "Xcode 13.0";
			developmentRegion = en;
			hasScannedForEncodings = 0;
			knownRegions = (
				en,
				Base,
			);
			mainGroup = 443EB44927A449DE006ADDFD;
			productRefGroup = 443EB45327A449DF006ADDFD /* Products */;
			projectDirPath = "";
			projectRoot = "";
			targets = (
				443EB45127A449DF006ADDFD /* StackOverflowApplication */,
			);
		};
/* End PBXProject section */

/* Begin PBXResourcesBuildPhase section */
		443EB45027A449DF006ADDFD /* Resources */ = {
			isa = PBXResourcesBuildPhase;
			buildActionMask = 2147483647;
			files = (
				443EB46527A449F7006ADDFD /* LaunchScreen.storyboard in Resources */,
				443EB46227A449F7006ADDFD /* Assets.xcassets in Resources */,
				443EB45D27A449DF006ADDFD /* Main.storyboard in Resources */,
			);
			runOnlyForDeploymentPostprocessing = 0;
		};
/* End PBXResourcesBuildPhase section */

/* Begin PBXSourcesBuildPhase section */
		443EB44E27A449DF006ADDFD /* Sources */ = {
			isa = PBXSourcesBuildPhase;
			buildActionMask = 2147483647;
			files = (
				443EB45A27A449DF006ADDFD /* ViewController.swift in Sources */,
				443EB47A27A44EB9006ADDFD /* Owner.swift in Sources */,
				443EB45627A449DF006ADDFD /* AppDelegate.swift in Sources */,
				443EB46E27A44A4D006ADDFD /* NetworkManager.swift in Sources */,
				443EB47927A44EB9006ADDFD /* Items.swift in Sources */,
				443EB45827A449DF006ADDFD /* SceneDelegate.swift in Sources */,
				4400A05827AB054D0084C099 /* QuestionTableViewCell.swift in Sources */,
				443EB46027A449DF006ADDFD /* StackOverflowApplication.xcdatamodeld in Sources */,
				443EB47B27A44EB9006ADDFD /* StackOverFlow.swift in Sources */,
			);
			runOnlyForDeploymentPostprocessing = 0;
		};
/* End PBXSourcesBuildPhase section */

/* Begin PBXVariantGroup section */
		443EB45B27A449DF006ADDFD /* Main.storyboard */ = {
			isa = PBXVariantGroup;
			children = (
				443EB45C27A449DF006ADDFD /* Base */,
			);
			name = Main.storyboard;
			sourceTree = "<group>";
		};
		443EB46327A449F7006ADDFD /* LaunchScreen.storyboard */ = {
			isa = PBXVariantGroup;
			children = (
				443EB46427A449F7006ADDFD /* Base */,
			);
			name = LaunchScreen.storyboard;
			sourceTree = "<group>";
		};
/* End PBXVariantGroup section */

/* Begin XCBuildConfiguration section */
		443EB46727A449F7006ADDFD /* Debug */ = {
			isa = XCBuildConfiguration;
			buildSettings = {
				ALWAYS_SEARCH_USER_PATHS = NO;
				CLANG_ANALYZER_NONNULL = YES;
				CLANG_ANALYZER_NUMBER_OBJECT_CONVERSION = YES_AGGRESSIVE;
				CLANG_CXX_LANGUAGE_STANDARD = "gnu++17";
				CLANG_CXX_LIBRARY = "libc++";
				CLANG_ENABLE_MODULES = YES;
				CLANG_ENABLE_OBJC_ARC = YES;
				CLANG_ENABLE_OBJC_WEAK = YES;
				CLANG_WARN_BLOCK_CAPTURE_AUTORELEASING = YES;
				CLANG_WARN_BOOL_CONVERSION = YES;
				CLANG_WARN_COMMA = YES;
				CLANG_WARN_CONSTANT_CONVERSION = YES;
				CLANG_WARN_DEPRECATED_OBJC_IMPLEMENTATIONS = YES;
				CLANG_WARN_DIRECT_OBJC_ISA_USAGE = YES_ERROR;
				CLANG_WARN_DOCUMENTATION_COMMENTS = YES;
				CLANG_WARN_EMPTY_BODY = YES;
				CLANG_WARN_ENUM_CONVERSION = YES;
				CLANG_WARN_INFINITE_RECURSION = YES;
				CLANG_WARN_INT_CONVERSION = YES;
				CLANG_WARN_NON_LITERAL_NULL_CONVERSION = YES;
				CLANG_WARN_OBJC_IMPLICIT_RETAIN_SELF = YES;
				CLANG_WARN_OBJC_LITERAL_CONVERSION = YES;
				CLANG_WARN_OBJC_ROOT_CLASS = YES_ERROR;
				CLANG_WARN_QUOTED_INCLUDE_IN_FRAMEWORK_HEADER = YES;
				CLANG_WARN_RANGE_LOOP_ANALYSIS = YES;
				CLANG_WARN_STRICT_PROTOTYPES = YES;
				CLANG_WARN_SUSPICIOUS_MOVE = YES;
				CLANG_WARN_UNGUARDED_AVAILABILITY = YES_AGGRESSIVE;
				CLANG_WARN_UNREACHABLE_CODE = YES;
				CLANG_WARN__DUPLICATE_METHOD_MATCH = YES;
				COPY_PHASE_STRIP = NO;
				DEBUG_INFORMATION_FORMAT = dwarf;
				ENABLE_STRICT_OBJC_MSGSEND = YES;
				ENABLE_TESTABILITY = YES;
				GCC_C_LANGUAGE_STANDARD = gnu11;
				GCC_DYNAMIC_NO_PIC = NO;
				GCC_NO_COMMON_BLOCKS = YES;
				GCC_OPTIMIZATION_LEVEL = 0;
				GCC_PREPROCESSOR_DEFINITIONS = (
					"DEBUG=1",
					"$(inherited)",
				);
				GCC_WARN_64_TO_32_BIT_CONVERSION = YES;
				GCC_WARN_ABOUT_RETURN_TYPE = YES_ERROR;
				GCC_WARN_UNDECLARED_SELECTOR = YES;
				GCC_WARN_UNINITIALIZED_AUTOS = YES_AGGRESSIVE;
				GCC_WARN_UNUSED_FUNCTION = YES;
				GCC_WARN_UNUSED_VARIABLE = YES;
				IPHONEOS_DEPLOYMENT_TARGET = 15.2;
				MTL_ENABLE_DEBUG_INFO = INCLUDE_SOURCE;
				MTL_FAST_MATH = YES;
				ONLY_ACTIVE_ARCH = YES;
				SDKROOT = iphoneos;
				SWIFT_ACTIVE_COMPILATION_CONDITIONS = DEBUG;
				SWIFT_OPTIMIZATION_LEVEL = "-Onone";
			};
			name = Debug;
		};
		443EB46827A449F7006ADDFD /* Release */ = {
			isa = XCBuildConfiguration;
			buildSettings = {
				ALWAYS_SEARCH_USER_PATHS = NO;
				CLANG_ANALYZER_NONNULL = YES;
				CLANG_ANALYZER_NUMBER_OBJECT_CONVERSION = YES_AGGRESSIVE;
				CLANG_CXX_LANGUAGE_STANDARD = "gnu++17";
				CLANG_CXX_LIBRARY = "libc++";
				CLANG_ENABLE_MODULES = YES;
				CLANG_ENABLE_OBJC_ARC = YES;
				CLANG_ENABLE_OBJC_WEAK = YES;
				CLANG_WARN_BLOCK_CAPTURE_AUTORELEASING = YES;
				CLANG_WARN_BOOL_CONVERSION = YES;
				CLANG_WARN_COMMA = YES;
				CLANG_WARN_CONSTANT_CONVERSION = YES;
				CLANG_WARN_DEPRECATED_OBJC_IMPLEMENTATIONS = YES;
				CLANG_WARN_DIRECT_OBJC_ISA_USAGE = YES_ERROR;
				CLANG_WARN_DOCUMENTATION_COMMENTS = YES;
				CLANG_WARN_EMPTY_BODY = YES;
				CLANG_WARN_ENUM_CONVERSION = YES;
				CLANG_WARN_INFINITE_RECURSION = YES;
				CLANG_WARN_INT_CONVERSION = YES;
				CLANG_WARN_NON_LITERAL_NULL_CONVERSION = YES;
				CLANG_WARN_OBJC_IMPLICIT_RETAIN_SELF = YES;
				CLANG_WARN_OBJC_LITERAL_CONVERSION = YES;
				CLANG_WARN_OBJC_ROOT_CLASS = YES_ERROR;
				CLANG_WARN_QUOTED_INCLUDE_IN_FRAMEWORK_HEADER = YES;
				CLANG_WARN_RANGE_LOOP_ANALYSIS = YES;
				CLANG_WARN_STRICT_PROTOTYPES = YES;
				CLANG_WARN_SUSPICIOUS_MOVE = YES;
				CLANG_WARN_UNGUARDED_AVAILABILITY = YES_AGGRESSIVE;
				CLANG_WARN_UNREACHABLE_CODE = YES;
				CLANG_WARN__DUPLICATE_METHOD_MATCH = YES;
				COPY_PHASE_STRIP = NO;
				DEBUG_INFORMATION_FORMAT = "dwarf-with-dsym";
				ENABLE_NS_ASSERTIONS = NO;
				ENABLE_STRICT_OBJC_MSGSEND = YES;
				GCC_C_LANGUAGE_STANDARD = gnu11;
				GCC_NO_COMMON_BLOCKS = YES;
				GCC_WARN_64_TO_32_BIT_CONVERSION = YES;
				GCC_WARN_ABOUT_RETURN_TYPE = YES_ERROR;
				GCC_WARN_UNDECLARED_SELECTOR = YES;
				GCC_WARN_UNINITIALIZED_AUTOS = YES_AGGRESSIVE;
				GCC_WARN_UNUSED_FUNCTION = YES;
				GCC_WARN_UNUSED_VARIABLE = YES;
				IPHONEOS_DEPLOYMENT_TARGET = 15.2;
				MTL_ENABLE_DEBUG_INFO = NO;
				MTL_FAST_MATH = YES;
				SDKROOT = iphoneos;
				SWIFT_COMPILATION_MODE = wholemodule;
				SWIFT_OPTIMIZATION_LEVEL = "-O";
				VALIDATE_PRODUCT = YES;
			};
			name = Release;
		};
		443EB46A27A449F7006ADDFD /* Debug */ = {
			isa = XCBuildConfiguration;
			buildSettings = {
				ASSETCATALOG_COMPILER_APPICON_NAME = AppIcon;
				ASSETCATALOG_COMPILER_GLOBAL_ACCENT_COLOR_NAME = AccentColor;
				CODE_SIGN_STYLE = Automatic;
				CURRENT_PROJECT_VERSION = 1;
				DEVELOPMENT_TEAM = MJ2664L7FT;
				GENERATE_INFOPLIST_FILE = YES;
				INFOPLIST_FILE = StackOverflowApplication/Info.plist;
				INFOPLIST_KEY_UIApplicationSupportsIndirectInputEvents = YES;
				INFOPLIST_KEY_UILaunchStoryboardName = LaunchScreen;
				INFOPLIST_KEY_UIMainStoryboardFile = Main;
				INFOPLIST_KEY_UISupportedInterfaceOrientations_iPad = "UIInterfaceOrientationPortrait UIInterfaceOrientationPortraitUpsideDown UIInterfaceOrientationLandscapeLeft UIInterfaceOrientationLandscapeRight";
				INFOPLIST_KEY_UISupportedInterfaceOrientations_iPhone = "UIInterfaceOrientationPortrait UIInterfaceOrientationLandscapeLeft UIInterfaceOrientationLandscapeRight";
				LD_RUNPATH_SEARCH_PATHS = (
					"$(inherited)",
					"@executable_path/Frameworks",
				);
				MARKETING_VERSION = 1.0;
				PRODUCT_BUNDLE_IDENTIFIER = home.StackOverflowApplication;
				PRODUCT_NAME = "$(TARGET_NAME)";
				SWIFT_EMIT_LOC_STRINGS = YES;
				SWIFT_VERSION = 5.0;
				TARGETED_DEVICE_FAMILY = "1,2";
			};
			name = Debug;
		};
		443EB46B27A449F7006ADDFD /* Release */ = {
			isa = XCBuildConfiguration;
			buildSettings = {
				ASSETCATALOG_COMPILER_APPICON_NAME = AppIcon;
				ASSETCATALOG_COMPILER_GLOBAL_ACCENT_COLOR_NAME = AccentColor;
				CODE_SIGN_STYLE = Automatic;
				CURRENT_PROJECT_VERSION = 1;
				DEVELOPMENT_TEAM = MJ2664L7FT;
				GENERATE_INFOPLIST_FILE = YES;
				INFOPLIST_FILE = StackOverflowApplication/Info.plist;
				INFOPLIST_KEY_UIApplicationSupportsIndirectInputEvents = YES;
				INFOPLIST_KEY_UILaunchStoryboardName = LaunchScreen;
				INFOPLIST_KEY_UIMainStoryboardFile = Main;
				INFOPLIST_KEY_UISupportedInterfaceOrientations_iPad = "UIInterfaceOrientationPortrait UIInterfaceOrientationPortraitUpsideDown UIInterfaceOrientationLandscapeLeft UIInterfaceOrientationLandscapeRight";
				INFOPLIST_KEY_UISupportedInterfaceOrientations_iPhone = "UIInterfaceOrientationPortrait UIInterfaceOrientationLandscapeLeft UIInterfaceOrientationLandscapeRight";
				LD_RUNPATH_SEARCH_PATHS = (
					"$(inherited)",
					"@executable_path/Frameworks",
				);
				MARKETING_VERSION = 1.0;
				PRODUCT_BUNDLE_IDENTIFIER = home.StackOverflowApplication;
				PRODUCT_NAME = "$(TARGET_NAME)";
				SWIFT_EMIT_LOC_STRINGS = YES;
				SWIFT_VERSION = 5.0;
				TARGETED_DEVICE_FAMILY = "1,2";
			};
			name = Release;
		};
/* End XCBuildConfiguration section */

/* Begin XCConfigurationList section */
		443EB44D27A449DF006ADDFD /* Build configuration list for PBXProject "StackOverflowApplication" */ = {
			isa = XCConfigurationList;
			buildConfigurations = (
				443EB46727A449F7006ADDFD /* Debug */,
				443EB46827A449F7006ADDFD /* Release */,
			);
			defaultConfigurationIsVisible = 0;
			defaultConfigurationName = Release;
		};
		443EB46927A449F7006ADDFD /* Build configuration list for PBXNativeTarget "StackOverflowApplication" */ = {
			isa = XCConfigurationList;
			buildConfigurations = (
				443EB46A27A449F7006ADDFD /* Debug */,
				443EB46B27A449F7006ADDFD /* Release */,
			);
			defaultConfigurationIsVisible = 0;
			defaultConfigurationName = Release;
		};
/* End XCConfigurationList section */

/* Begin XCVersionGroup section */
		443EB45E27A449DF006ADDFD /* StackOverflowApplication.xcdatamodeld */ = {
			isa = XCVersionGroup;
			children = (
				443EB45F27A449DF006ADDFD /* StackOverflowApplication.xcdatamodel */,
			);
			currentVersion = 443EB45F27A449DF006ADDFD /* StackOverflowApplication.xcdatamodel */;
			path = StackOverflowApplication.xcdatamodeld;
			sourceTree = "<group>";
			versionGroupType = wrapper.xcdatamodel;
		};
/* End XCVersionGroup section */
	};
	rootObject = 443EB44A27A449DF006ADDFD /* Project object */;
}
